<?xml version="1.0" encoding="utf-8"?>
<Project ToolsVersion="4.0" xmlns="http://schemas.microsoft.com/developer/msbuild/2003">
  <ItemGroup>
    <Filter Include="源文件">
      <UniqueIdentifier>{4FC737F1-C7A5-4376-A066-2A32D752A2FF}</UniqueIdentifier>
      <Extensions>cpp;c;cc;cxx;c++;cppm;ixx;def;odl;idl;hpj;bat;asm;asmx</Extensions>
    </Filter>
    <Filter Include="头文件">
      <UniqueIdentifier>{93995380-89BD-4b04-88EB-625FBE52EBFB}</UniqueIdentifier>
      <Extensions>h;hh;hpp;hxx;h++;hm;inl;inc;ipp;xsd</Extensions>
    </Filter>
    <Filter Include="资源文件">
      <UniqueIdentifier>{67DA6AB6-F800-4c08-8B7A-83BB121AAD01}</UniqueIdentifier>
      <Extensions>rc;ico;cur;bmp;dlg;rc2;rct;bin;rgs;gif;jpg;jpeg;jpe;resx;tiff;tif;png;wav;mfcribbon-ms</Extensions>
    </Filter>
  </ItemGroup>
  <ItemGroup>
    <ClCompile Include="main.cpp">
      <Filter>源文件</Filter>
    </ClCompile>
    <ClCompile Include="stdafx.cpp">
      <Filter>源文件</Filter>
    </ClCompile>
    <ClCompile Include="Win32Application.cpp">
      <Filter>源文件</Filter>
    </ClCompile>
    <ClCompile Include="Engine.cpp">
      <Filter>源文件</Filter>
    </ClCompile>
    <ClCompile Include="DXSample.cpp">
      <Filter>源文件</Filter>
    </ClCompile>
    <ClCompile Include="RenderBase\DXDevice.cpp">
      <Filter>源文件</Filter>
    </ClCompile>
    <ClCompile Include="Utilities\VertexStructDescriber.cpp">
      <Filter>源文件</Filter>
    </ClCompile>
    <ClCompile Include="Resources\DefaultBuffer.cpp">
      <Filter>源文件</Filter>
    </ClCompile>
    <ClCompile Include="Resources\Mesh.cpp">
      <Filter>源文件</Filter>
    </ClCompile>
    <ClCompile Include="Resources\UploadBuffer.cpp">
      <Filter>源文件</Filter>
    </ClCompile>
    <ClCompile Include="RenderBase\FrameResource.cpp">
      <Filter>源文件</Filter>
    </ClCompile>
    <ClCompile Include="RenderBase\Timer.cpp">
      <Filter>源文件</Filter>
    </ClCompile>
    <ClCompile Include="Component\Camera.cpp">
      <Filter>源文件</Filter>
    </ClCompile>
    <ClCompile Include="DXMath\DXMath.cpp">
      <Filter>源文件</Filter>
    </ClCompile>
    <ClCompile Include="DXMath\MathHelper.cpp">
      <Filter>源文件</Filter>
    </ClCompile>
    <ClCompile Include="Component\Shader.cpp">
      <Filter>源文件</Filter>
    </ClCompile>
    <ClCompile Include="Component\RasterShader.cpp">
      <Filter>源文件</Filter>
    </ClCompile>
    <ClCompile Include="Component\PSOManager.cpp">
      <Filter>源文件</Filter>
    </ClCompile>
  </ItemGroup>
  <ItemGroup>
    <ClInclude Include="stdafx.h">
      <Filter>头文件</Filter>
    </ClInclude>
    <ClInclude Include="Win32Application.h">
      <Filter>头文件</Filter>
    </ClInclude>
    <ClInclude Include="Engine.h">
      <Filter>头文件</Filter>
    </ClInclude>
    <ClInclude Include="d3dx12.h">
      <Filter>头文件</Filter>
    </ClInclude>
    <ClInclude Include="DXSample.h">
      <Filter>头文件</Filter>
    </ClInclude>
    <ClInclude Include="DXSampleHelper.h">
      <Filter>头文件</Filter>
    </ClInclude>
    <ClInclude Include="Metalib.h">
      <Filter>头文件</Filter>
    </ClInclude>
    <ClInclude Include="RenderBase\DXDevice.h">
      <Filter>头文件</Filter>
    </ClInclude>
    <ClInclude Include="Resources\Buffer.h">
      <Filter>头文件</Filter>
    </ClInclude>
    <ClInclude Include="Resources\DefaultBuffer.h">
      <Filter>头文件</Filter>
    </ClInclude>
    <ClInclude Include="Resources\Mesh.h">
      <Filter>头文件</Filter>
    </ClInclude>
    <ClInclude Include="Resources\Resource.h">
      <Filter>头文件</Filter>
    </ClInclude>
    <ClInclude Include="Resources\UploadBuffer.h">
      <Filter>头文件</Filter>
    </ClInclude>
    <ClInclude Include="Resources\BufferView.h">
      <Filter>头文件</Filter>
    </ClInclude>
    <ClInclude Include="Utilities\VertexStructDescriber.h">
      <Filter>头文件</Filter>
    </ClInclude>
    <ClInclude Include="RenderBase\FrameResource.h">
      <Filter>头文件</Filter>
    </ClInclude>
    <ClInclude Include="RenderBase\Timer.h">
      <Filter>头文件</Filter>
    </ClInclude>
    <ClInclude Include="Component\Camera.h">
      <Filter>头文件</Filter>
    </ClInclude>
    <ClInclude Include="DXMath\Common.h">
      <Filter>头文件</Filter>
    </ClInclude>
    <ClInclude Include="DXMath\DXMath.h">
      <Filter>头文件</Filter>
    </ClInclude>
    <ClInclude Include="DXMath\MathHelper.h">
      <Filter>头文件</Filter>
    </ClInclude>
    <ClInclude Include="DXMath\Matrix3.h">
      <Filter>头文件</Filter>
    </ClInclude>
    <ClInclude Include="DXMath\Matrix4.h">
      <Filter>头文件</Filter>
    </ClInclude>
    <ClInclude Include="DXMath\Quaternion.h">
      <Filter>头文件</Filter>
    </ClInclude>
    <ClInclude Include="DXMath\Scalar.h">
      <Filter>头文件</Filter>
    </ClInclude>
    <ClInclude Include="DXMath\Swizzle.h">
      <Filter>头文件</Filter>
    </ClInclude>
    <ClInclude Include="DXMath\Vector.h">
      <Filter>头文件</Filter>
    </ClInclude>
    <ClInclude Include="Component\Shader.h">
      <Filter>头文件</Filter>
    </ClInclude>
    <ClInclude Include="Component\ShaderParameterType.h">
      <Filter>头文件</Filter>
    </ClInclude>
    <ClInclude Include="Component\RasterShader.h">
      <Filter>头文件</Filter>
    </ClInclude>
    <ClInclude Include="Component\PSOManager.h">
      <Filter>头文件</Filter>
    </ClInclude>
  </ItemGroup>
  <ItemGroup>
    <FxCompile Include="Shaders\shaders.hlsl" />
  </ItemGroup>
</Project>